
Microsoft Visual Studio Solution File, Format Version 12.00
# Visual Studio Version 16
VisualStudioVersion = 16.0.29728.190
MinimumVisualStudioVersion = 10.0.40219.1
Project("{FAE04EC0-301F-11D3-BF4B-00C04F79EFBC}") = "ventanalogin", "ventanalogin\ventanalogin.csproj", "{C534C841-26EC-4EF9-A23B-6D756E4EEFDE}"
EndProject
Global
	GlobalSection(SolutionConfigurationPlatforms) = preSolution
		Debug|Any CPU = Debug|Any CPU
		Release|Any CPU = Release|Any CPU
	EndGlobalSection
	GlobalSection(ProjectConfigurationPlatforms) = postSolution
		{C534C841-26EC-4EF9-A23B-6D756E4EEFDE}.Debug|Any CPU.ActiveCfg = Debug|Any CPU
		{C534C841-26EC-4EF9-A23B-6D756E4EEFDE}.Debug|Any CPU.Build.0 = Debug|Any CPU
		{C534C841-26EC-4EF9-A23B-6D756E4EEFDE}.Release|Any CPU.ActiveCfg = Release|Any CPU
		{C534C841-26EC-4EF9-A23B-6D756E4EEFDE}.Release|Any CPU.Build.0 = Release|Any CPU
	EndGlobalSection
	GlobalSection(SolutionProperties) = preSolution
		HideSolutionNode = FALSE
	EndGlobalSection
	GlobalSection(ExtensibilityGlobals) = postSolution
		SolutionGuid = {6E2BE501-375F-46A3-842B-9D4FAA80CE61}
	EndGlobalSection
EndGlobal
